{
	"name": "badge-button",
	"version": "2.0.0",
	"lockfileVersion": 1,
	"requires": true,
	"dependencies": {
		"@types/classnames": {
			"version": "2.2.10",
			"resolved": "https://registry.npmjs.org/@types/classnames/-/classnames-2.2.10.tgz",
			"integrity": "sha512-1UzDldn9GfYYEsWWnn/P4wkTlkZDH7lDb0wBMGbtIQc9zXEQq7FlKBdZUn6OBqD8sKZZ2RQO2mAjGpXiDGoRmQ==",
			"dev": true
		}
	}
}
