{
    "name": "feedback",
    "version": "0.0.1",
    "lockfileVersion": 1,
    "requires": true,
    "dependencies": {
        "@types/querystringify": {
            "version": "2.0.0",
            "resolved": "https://registry.npmjs.org/@types/querystringify/-/querystringify-2.0.0.tgz",
            "integrity": "sha512-9WgEGTevECrXJC2LSWPqiPYWq8BRmeaOyZn47js/3V6UF0PWtcVfvvR43YjeO8BzBsthTz98jMczujOwTw+WYg==",
            "dev": true
        },
        "js-tokens": {
            "version": "4.0.0",
            "resolved": "https://registry.npmjs.org/js-tokens/-/js-tokens-4.0.0.tgz",
            "integrity": "sha512-RdJUflcE3cUzKiMqQgsCu06FPu9UdIJO0beYbPhHN4k6apgJtifcoCtT9bcxOpYBtpD2kCM6Sbzg4CausW/PKQ=="
        },
        "loose-envify": {
            "version": "1.4.0",
            "resolved": "https://registry.npmjs.org/loose-envify/-/loose-envify-1.4.0.tgz",
            "integrity": "sha512-lyuxPGr/Wfhrlem2CL/UcnUc1zcqKAImBDzukY7Y5F/yQiNdko6+fRLevlw1HgMySw7f611UIY408EtxRSoK3Q==",
            "requires": {
                "js-tokens": "^3.0.0 || ^4.0.0"
            }
        },
        "object-assign": {
            "version": "4.1.1",
            "resolved": "https://registry.npmjs.org/object-assign/-/object-assign-4.1.1.tgz",
            "integrity": "sha1-IQmtx5ZYh8/AXLvUQsrIv7s2CGM="
        },
        "prop-types": {
            "version": "15.7.2",
            "resolved": "https://registry.npmjs.org/prop-types/-/prop-types-15.7.2.tgz",
            "integrity": "sha512-8QQikdH7//R2vurIJSutZ1smHYTcLpRWEOlHnzcWHmBYrOGUysKwSsrC89BCiFj3CbrfJ/nXFdJepOVrY1GCHQ==",
            "requires": {
                "loose-envify": "^1.4.0",
                "object-assign": "^4.1.1",
                "react-is": "^16.8.1"
            }
        },
        "querystringify": {
            "version": "2.1.0",
            "resolved": "https://registry.npmjs.org/querystringify/-/querystringify-2.1.0.tgz",
            "integrity": "sha512-sluvZZ1YiTLD5jsqZcDmFyV2EwToyXZBfpoVOmktMmW+VEnhgakFHnasVph65fOjGPTWN0Nw3+XQaSeMayr0kg==",
            "dev": true
        },
        "react-is": {
            "version": "16.8.3",
            "resolved": "https://registry.npmjs.org/react-is/-/react-is-16.8.3.tgz",
            "integrity": "sha512-Y4rC1ZJmsxxkkPuMLwvKvlL1Zfpbcu+Bf4ZigkHup3v9EfdYhAlWAaVyA19olXq2o2mGn0w+dFKvk3pVVlYcIA=="
        },
        "react-native-animatable": {
            "version": "1.3.1",
            "resolved": "https://registry.npmjs.org/react-native-animatable/-/react-native-animatable-1.3.1.tgz",
            "integrity": "sha512-NoE6OAgCrhggWBRV6rBJup5vLAGoTjx168Tku1RZmjUGIdYRAyGesP/MoqvxiNJjhTAgwYx2LT63VTT1xO8g4Q==",
            "requires": {
                "prop-types": "^15.5.10"
            }
        },
        "react-native-dialog": {
            "version": "5.5.0",
            "resolved": "https://registry.npmjs.org/react-native-dialog/-/react-native-dialog-5.5.0.tgz",
            "integrity": "sha512-pHijXodWoXcuGD2GHRnYDcZDrptFKZMRbEKhAxAxFtxR1fF/UBNkBNSQnfw+KVvQp6lMqJQEWK/N+Sn9YpUkAQ==",
            "requires": {
                "prop-types": "^15.6.0",
                "react-native-modal": "^6.4.0"
            },
            "dependencies": {
                "react-native-modal": {
                    "version": "6.5.0",
                    "resolved": "https://registry.npmjs.org/react-native-modal/-/react-native-modal-6.5.0.tgz",
                    "integrity": "sha512-ewchdETAGd32xLGLK93NETEGkRcePtN7ZwjmLSQnNW1Zd0SRUYE8NqftjamPyfKvK0i2DZjX4YAghGZTqaRUbA==",
                    "requires": {
                        "prop-types": "^15.6.1",
                        "react-native-animatable": "^1.2.4"
                    }
                }
            }
        },
        "react-native-view-shot": {
            "version": "2.5.0",
            "resolved": "https://registry.npmjs.org/react-native-view-shot/-/react-native-view-shot-2.5.0.tgz",
            "integrity": "sha512-xFJA+N7wh8Ik/17I4QB24e0a0L3atg1ScVehvtYR5UBTgHdzTFA0ZylvXp9gkZt7V+AT5Pni0H3NQItpqSKFoQ=="
        }
    }
}
