{
    "name": "popup-menu",
    "version": "1.0.0",
    "lockfileVersion": 1,
    "requires": true,
    "dependencies": {
        "react-native-popup-menu": {
            "version": "0.15.7",
            "resolved": "https://registry.npmjs.org/react-native-popup-menu/-/react-native-popup-menu-0.15.7.tgz",
            "integrity": "sha512-TgPVGQdsHPgynn+mMpTX51QKKhavDXI3tA879zylRUBMrxfNiR3gAWNanI1Sd5X4Sv0tZ1/A33k/gNTwciMDDg=="
        }
    }
}
