{
    "name": "carousel",
    "version": "1.4.3",
    "lockfileVersion": 1,
    "requires": true,
    "dependencies": {
        "@types/classnames": {
            "version": "2.2.9",
            "resolved": "https://registry.npmjs.org/@types/classnames/-/classnames-2.2.9.tgz",
            "integrity": "sha512-MNl+rT5UmZeilaPxAVs6YaPC2m6aA8rofviZbhbxpPpl61uKodfdQVsBtgJGTqGizEf02oW3tsVe7FYB8kK14A==",
            "dev": true
        },
        "@types/faker": {
            "version": "4.1.5",
            "resolved": "https://registry.npmjs.org/@types/faker/-/faker-4.1.5.tgz",
            "integrity": "sha512-YSDqoBEWYGdNk53xSkkb6REaUaVSlIjxIAGjj/nbLzlZOit7kUU+nA2zC2qQkIVO4MQ+3zl4Sz7aw+kbpHHHUQ==",
            "dev": true
        },
        "classnames": {
            "version": "2.2.6",
            "resolved": "https://registry.npmjs.org/classnames/-/classnames-2.2.6.tgz",
            "integrity": "sha512-JR/iSQOSt+LQIWwrwEzJ9uk0xfN3mTVYMwt1Ir5mUcSN6pU+V4zQFFaJsclJbPuAUQH+yfWef6tm7l1quW3C8Q=="
        }
    }
}
