{
    "name": "actions",
    "version": "1.0.1",
    "lockfileVersion": 1,
    "requires": true,
    "dependencies": {
        "@types/querystringify": {
            "version": "2.0.0",
            "resolved": "https://registry.npmjs.org/@types/querystringify/-/querystringify-2.0.0.tgz",
            "integrity": "sha512-9WgEGTevECrXJC2LSWPqiPYWq8BRmeaOyZn47js/3V6UF0PWtcVfvvR43YjeO8BzBsthTz98jMczujOwTw+WYg==",
            "dev": true
        },
        "@types/url-parse": {
            "version": "1.4.3",
            "resolved": "https://registry.npmjs.org/@types/url-parse/-/url-parse-1.4.3.tgz",
            "integrity": "sha512-4kHAkbV/OfW2kb5BLVUuUMoumB3CP8rHqlw48aHvFy5tf9ER0AfOonBlX29l/DD68G70DmyhRlSYfQPSYpC5Vw==",
            "dev": true
        }
    }
}
