{
    "name": "floating-action-button",
    "version": "0.0.1",
    "lockfileVersion": 1,
    "requires": true,
    "dependencies": {
        "object-assign": {
            "version": "4.1.1",
            "resolved": "https://registry.npmjs.org/object-assign/-/object-assign-4.1.1.tgz",
            "integrity": "sha1-IQmtx5ZYh8/AXLvUQsrIv7s2CGM="
        },
        "prop-types": {
            "version": "15.7.1",
            "resolved": "https://registry.npmjs.org/prop-types/-/prop-types-15.7.1.tgz",
            "integrity": "sha512-f8Lku2z9kERjOCcnDOPm68EBJAO2K00Q5mSgPAUE/gJuBgsYLbVy6owSrtcHj90zt8PvW+z0qaIIgsIhHOa1Qw==",
            "requires": {
                "object-assign": "^4.1.1",
                "react-is": "^16.8.1"
            }
        },
        "react-is": {
            "version": "16.8.1",
            "resolved": "https://registry.npmjs.org/react-is/-/react-is-16.8.1.tgz",
            "integrity": "sha512-ioMCzVDWvCvKD8eeT+iukyWrBGrA3DiFYkXfBsVYIRdaREZuBjENG+KjrikavCLasozqRWTwFUagU/O4vPpRMA=="
        },
        "react-native-action-button": {
            "version": "2.8.5",
            "resolved": "https://registry.npmjs.org/react-native-action-button/-/react-native-action-button-2.8.5.tgz",
            "integrity": "sha512-BvGZpzuGeuFR2Y6j93+vKiSqDhsF87VHvNXFs/qEYKfzT4b1ASAT/GQbgS6gNt4jRJCUnJWYrIwlBzRjesZQmQ==",
            "requires": {
                "prop-types": "^15.5.10"
            }
        }
    }
}
