{
    "name": "color-picker",
    "version": "0.1.3",
    "lockfileVersion": 1,
    "requires": true,
    "dependencies": {
        "@native-mobile-resources/util-widgets": {
            "version": "0.0.1"
        },
        "@types/tinycolor2": {
            "version": "1.4.1",
            "resolved": "https://registry.npmjs.org/@types/tinycolor2/-/tinycolor2-1.4.1.tgz",
            "integrity": "sha512-25L/RL5tqZkquKXVHM1fM2bd23qjfbcPpAZ2N/H05Y45g3UEi+Hw8CbDV28shKY8gH1SHiLpZSxPI1lacqdpGg==",
            "dev": true
        },
        "js-tokens": {
            "version": "4.0.0",
            "resolved": "https://registry.npmjs.org/js-tokens/-/js-tokens-4.0.0.tgz",
            "integrity": "sha512-RdJUflcE3cUzKiMqQgsCu06FPu9UdIJO0beYbPhHN4k6apgJtifcoCtT9bcxOpYBtpD2kCM6Sbzg4CausW/PKQ=="
        },
        "loose-envify": {
            "version": "1.4.0",
            "resolved": "https://registry.npmjs.org/loose-envify/-/loose-envify-1.4.0.tgz",
            "integrity": "sha512-lyuxPGr/Wfhrlem2CL/UcnUc1zcqKAImBDzukY7Y5F/yQiNdko6+fRLevlw1HgMySw7f611UIY408EtxRSoK3Q==",
            "requires": {
                "js-tokens": "^3.0.0 || ^4.0.0"
            }
        },
        "object-assign": {
            "version": "4.1.1",
            "resolved": "https://registry.npmjs.org/object-assign/-/object-assign-4.1.1.tgz",
            "integrity": "sha1-IQmtx5ZYh8/AXLvUQsrIv7s2CGM="
        },
        "prop-types": {
            "version": "15.7.2",
            "resolved": "https://registry.npmjs.org/prop-types/-/prop-types-15.7.2.tgz",
            "integrity": "sha512-8QQikdH7//R2vurIJSutZ1smHYTcLpRWEOlHnzcWHmBYrOGUysKwSsrC89BCiFj3CbrfJ/nXFdJepOVrY1GCHQ==",
            "requires": {
                "loose-envify": "^1.4.0",
                "object-assign": "^4.1.1",
                "react-is": "^16.8.1"
            }
        },
        "react-is": {
            "version": "16.8.6",
            "resolved": "https://registry.npmjs.org/react-is/-/react-is-16.8.6.tgz",
            "integrity": "sha512-aUk3bHfZ2bRSVFFbbeVS4i+lNPZr3/WM5jT2J5omUVV1zzcs1nAaf3l51ctA5FFvCRbhrH0bdAsRRQddFJZPtA=="
        },
        "react-native-color": {
            "version": "0.0.10",
            "resolved": "https://registry.npmjs.org/react-native-color/-/react-native-color-0.0.10.tgz",
            "integrity": "sha512-MrYIaWH/fiRXBhfJBVG7vtNF5cQQKg1rK16pU8xtlKne2Ipu+Inki1Gb/oFvaOu+zNXb5/6tss467k8zYIvMwA==",
            "requires": {
                "prop-types": "^15.6.0",
                "react-native-slider": "^0.11.0",
                "tinycolor2": "^1.4.1"
            }
        },
        "react-native-slider": {
            "version": "0.11.0",
            "resolved": "https://registry.npmjs.org/react-native-slider/-/react-native-slider-0.11.0.tgz",
            "integrity": "sha512-jV9K87eu9uWr0uJIyrSpBLnCKvVlOySC2wynq9TFCdV9oGgjt7Niq8Q1A8R8v+5GHsuBw/s8vEj1AAkkUi+u+w==",
            "requires": {
                "prop-types": "^15.5.6"
            }
        },
        "tinycolor2": {
            "version": "1.4.1",
            "resolved": "https://registry.npmjs.org/tinycolor2/-/tinycolor2-1.4.1.tgz",
            "integrity": "sha1-9PrTM0R7wLB9TcjpIJ2POaisd+g="
        }
    }
}
