{
    "name": "color-wheel",
    "version": "0.0.1",
    "lockfileVersion": 1,
    "requires": true,
    "dependencies": {
        "colorsys": {
            "version": "1.0.22",
            "resolved": "https://registry.npmjs.org/colorsys/-/colorsys-1.0.22.tgz",
            "integrity": "sha512-KCqF23oqkOD0IUCTLCl0obwGIMyeGFlNWuJ4oRRVKmawvKQeb3x5UvajVeH9AShZWU9hNaIhjXeTGw3iPNtl/Q=="
        },
        "react-native-color-wheel": {
            "version": "0.1.6",
            "resolved": "https://registry.npmjs.org/react-native-color-wheel/-/react-native-color-wheel-0.1.6.tgz",
            "integrity": "sha512-TIZwDskkK8xI0QV312gpZBk6h0lyaOtDNwH5xSUlLkhxJkr8YPXNFFNtIqy+t+R0d7JA1clFQZUbww8vWqU00g==",
            "requires": {
                "colorsys": "^1.0.17"
            }
        }
    }
}
