{
    "name": "maps-web",
    "version": "1.0.6",
    "lockfileVersion": 1,
    "requires": true,
    "dependencies": {
        "@types/classnames": {
            "version": "2.2.9",
            "resolved": "https://registry.npmjs.org/@types/classnames/-/classnames-2.2.9.tgz",
            "integrity": "sha512-MNl+rT5UmZeilaPxAVs6YaPC2m6aA8rofviZbhbxpPpl61uKodfdQVsBtgJGTqGizEf02oW3tsVe7FYB8kK14A==",
            "dev": true
        },
        "@types/faker": {
            "version": "4.1.5",
            "resolved": "https://registry.npmjs.org/@types/faker/-/faker-4.1.5.tgz",
            "integrity": "sha512-YSDqoBEWYGdNk53xSkkb6REaUaVSlIjxIAGjj/nbLzlZOit7kUU+nA2zC2qQkIVO4MQ+3zl4Sz7aw+kbpHHHUQ==",
            "dev": true
        },
        "@types/geojson": {
            "version": "7946.0.7",
            "resolved": "https://registry.npmjs.org/@types/geojson/-/geojson-7946.0.7.tgz",
            "integrity": "sha512-wE2v81i4C4Ol09RtsWFAqg3BUitWbHSpSlIo+bNdsCJijO9sjme+zm+73ZMCa/qMC8UEERxzGbvmr1cffo2SiQ==",
            "dev": true
        },
        "@types/googlemaps": {
            "version": "3.30.19",
            "resolved": "https://registry.npmjs.org/@types/googlemaps/-/googlemaps-3.30.19.tgz",
            "integrity": "sha512-9uzg5jC6FRyAsMrhOLnUbblyN1xbcOVnqecQZxrnCDxTKssn4lwk0K4EWsw/sw8cJX32MFRMivyAT8dX/JBatg==",
            "dev": true
        },
        "@types/leaflet": {
            "version": "1.5.1",
            "resolved": "https://registry.npmjs.org/@types/leaflet/-/leaflet-1.5.1.tgz",
            "integrity": "sha512-E5k+vyE2Tv9wQsO6ZsEy08Pjd8RjHPkCzz3Ubt7feMc+5+VkbXtcZMcciczRWuMN5rFIsVywLxRhvTp7fAbbzg==",
            "dev": true,
            "requires": {
                "@types/geojson": "*"
            }
        },
        "@types/prop-types": {
            "version": "15.7.1",
            "resolved": "https://registry.npmjs.org/@types/prop-types/-/prop-types-15.7.1.tgz",
            "integrity": "sha512-CFzn9idOEpHrgdw8JsoTkaDDyRWk1jrzIV8djzcgpq0y9tG4B4lFT+Nxh52DVpDXV+n4+NPNv7M1Dj5uMp6XFg==",
            "dev": true
        },
        "@types/react": {
            "version": "16.9.2",
            "resolved": "https://registry.npmjs.org/@types/react/-/react-16.9.2.tgz",
            "integrity": "sha512-jYP2LWwlh+FTqGd9v7ynUKZzjj98T8x7Yclz479QdRhHfuW9yQ+0jjnD31eXSXutmBpppj5PYNLYLRfnZJvcfg==",
            "dev": true,
            "requires": {
                "@types/prop-types": "*",
                "csstype": "^2.2.0"
            }
        },
        "@types/react-resize-detector": {
            "version": "4.0.2",
            "resolved": "https://registry.npmjs.org/@types/react-resize-detector/-/react-resize-detector-4.0.2.tgz",
            "integrity": "sha512-5tJSq35S4H/0QhHwd5nMWuBVj96NHCTLW5AyZoKKQq5VBrNWkgrJan/WJ/w36Pf5v+WWw/1Wc9CMxgt1reksKA==",
            "dev": true,
            "requires": {
                "@types/react": "*"
            }
        },
        "classnames": {
            "version": "2.2.6",
            "resolved": "https://registry.npmjs.org/classnames/-/classnames-2.2.6.tgz",
            "integrity": "sha512-JR/iSQOSt+LQIWwrwEzJ9uk0xfN3mTVYMwt1Ir5mUcSN6pU+V4zQFFaJsclJbPuAUQH+yfWef6tm7l1quW3C8Q=="
        },
        "csstype": {
            "version": "2.6.6",
            "resolved": "https://registry.npmjs.org/csstype/-/csstype-2.6.6.tgz",
            "integrity": "sha512-RpFbQGUE74iyPgvr46U9t1xoQBM8T4BL8SxrN66Le2xYAPSaDJJKeztV3awugusb3g3G9iL8StmkBBXhcbbXhg==",
            "dev": true
        },
        "faker": {
            "version": "4.1.0",
            "resolved": "https://registry.npmjs.org/faker/-/faker-4.1.0.tgz",
            "integrity": "sha1-HkW7vsxndLPBlfrSg1EJxtdIzD8=",
            "dev": true
        },
        "js-tokens": {
            "version": "4.0.0",
            "resolved": "https://registry.npmjs.org/js-tokens/-/js-tokens-4.0.0.tgz",
            "integrity": "sha512-RdJUflcE3cUzKiMqQgsCu06FPu9UdIJO0beYbPhHN4k6apgJtifcoCtT9bcxOpYBtpD2kCM6Sbzg4CausW/PKQ=="
        },
        "leaflet": {
            "version": "1.5.1",
            "resolved": "https://registry.npmjs.org/leaflet/-/leaflet-1.5.1.tgz",
            "integrity": "sha512-ekM9KAeG99tYisNBg0IzEywAlp0hYI5XRipsqRXyRTeuU8jcuntilpp+eFf5gaE0xubc9RuSNIVtByEKwqFV0w=="
        },
        "leaflet-defaulticon-compatibility": {
            "version": "0.1.1",
            "resolved": "https://registry.npmjs.org/leaflet-defaulticon-compatibility/-/leaflet-defaulticon-compatibility-0.1.1.tgz",
            "integrity": "sha512-vDBFdlUAwjSEGep9ih8kfJilf6yN8V9zTbF5NC/1ZwLeGko3RUQepspPnGCRMFV51dY3Lb3hziboicrFz+rxQA=="
        },
        "lodash": {
            "version": "4.17.15",
            "resolved": "https://registry.npmjs.org/lodash/-/lodash-4.17.15.tgz",
            "integrity": "sha512-8xOcRHvCjnocdS5cpwXQXVzmmh5e5+saE2QGoeQmbKmRS6J3VQppPOIt0MnmE+4xlZoumy0GPG0D0MVIQbNA1A=="
        },
        "lodash-es": {
            "version": "4.17.15",
            "resolved": "https://registry.npmjs.org/lodash-es/-/lodash-es-4.17.15.tgz",
            "integrity": "sha512-rlrc3yU3+JNOpZ9zj5pQtxnx2THmvRykwL4Xlxoa8I9lHBlVbbyPhgyPMioxVZ4NqyxaVVtaJnzsyOidQIhyyQ=="
        },
        "loose-envify": {
            "version": "1.4.0",
            "resolved": "https://registry.npmjs.org/loose-envify/-/loose-envify-1.4.0.tgz",
            "integrity": "sha512-lyuxPGr/Wfhrlem2CL/UcnUc1zcqKAImBDzukY7Y5F/yQiNdko6+fRLevlw1HgMySw7f611UIY408EtxRSoK3Q==",
            "requires": {
                "js-tokens": "^3.0.0 || ^4.0.0"
            }
        },
        "object-assign": {
            "version": "4.1.1",
            "resolved": "https://registry.npmjs.org/object-assign/-/object-assign-4.1.1.tgz",
            "integrity": "sha1-IQmtx5ZYh8/AXLvUQsrIv7s2CGM="
        },
        "prop-types": {
            "version": "15.7.2",
            "resolved": "https://registry.npmjs.org/prop-types/-/prop-types-15.7.2.tgz",
            "integrity": "sha512-8QQikdH7//R2vurIJSutZ1smHYTcLpRWEOlHnzcWHmBYrOGUysKwSsrC89BCiFj3CbrfJ/nXFdJepOVrY1GCHQ==",
            "requires": {
                "loose-envify": "^1.4.0",
                "object-assign": "^4.1.1",
                "react-is": "^16.8.1"
            }
        },
        "raf-schd": {
            "version": "4.0.2",
            "resolved": "https://registry.npmjs.org/raf-schd/-/raf-schd-4.0.2.tgz",
            "integrity": "sha512-VhlMZmGy6A6hrkJWHLNTGl5gtgMUm+xfGza6wbwnE914yeQ5Ybm18vgM734RZhMgfw4tacUrWseGZlpUrrakEQ=="
        },
        "react-is": {
            "version": "16.9.0",
            "resolved": "https://registry.npmjs.org/react-is/-/react-is-16.9.0.tgz",
            "integrity": "sha512-tJBzzzIgnnRfEm046qRcURvwQnZVXmuCbscxUO5RWrGTXpon2d4c8mI0D8WE6ydVIm29JiLB6+RslkIvym9Rjw=="
        },
        "react-resize-detector": {
            "version": "4.2.0",
            "resolved": "https://registry.npmjs.org/react-resize-detector/-/react-resize-detector-4.2.0.tgz",
            "integrity": "sha512-AtOaNIxs0ydua7tEoglXR3902/EdlIj9PXDu1Zj0ug2VAUnkSQjguLGzaG/N6CXLOhJSccTsUCZxjLayQ1mE9Q==",
            "requires": {
                "lodash": "^4.17.11",
                "lodash-es": "^4.17.11",
                "prop-types": "^15.7.2",
                "raf-schd": "^4.0.0",
                "resize-observer-polyfill": "^1.5.1"
            }
        },
        "resize-observer-polyfill": {
            "version": "1.5.1",
            "resolved": "https://registry.npmjs.org/resize-observer-polyfill/-/resize-observer-polyfill-1.5.1.tgz",
            "integrity": "sha512-LwZrotdHOo12nQuZlHEmtuXdqGoOD0OhaxopaNFxWzInpEgaLWoVuAMbTzixuosCx2nEG58ngzW3vxdWoxIgdg=="
        }
    }
}
