{
    "name": "maps-web",
    "version": "1.0.9",
    "lockfileVersion": 1,
    "requires": true,
    "dependencies": {
        "@types/classnames": {
            "version": "2.2.9",
            "resolved": "https://registry.npmjs.org/@types/classnames/-/classnames-2.2.9.tgz",
            "integrity": "sha512-MNl+rT5UmZeilaPxAVs6YaPC2m6aA8rofviZbhbxpPpl61uKodfdQVsBtgJGTqGizEf02oW3tsVe7FYB8kK14A==",
            "dev": true
        },
        "@types/faker": {
            "version": "4.1.8",
            "resolved": "https://registry.npmjs.org/@types/faker/-/faker-4.1.8.tgz",
            "integrity": "sha512-9ARxZRyXXCMMf8KjYhnD+GHE789HGwIqa1dolCRl/C6ExwvBIUmnIktLeY71TPmFOQiU3DQwrbQEX0pkyqX1tQ==",
            "dev": true
        },
        "@types/geojson": {
            "version": "7946.0.7",
            "resolved": "https://registry.npmjs.org/@types/geojson/-/geojson-7946.0.7.tgz",
            "integrity": "sha512-wE2v81i4C4Ol09RtsWFAqg3BUitWbHSpSlIo+bNdsCJijO9sjme+zm+73ZMCa/qMC8UEERxzGbvmr1cffo2SiQ==",
            "dev": true
        },
        "@types/googlemaps": {
            "version": "3.30.19",
            "resolved": "https://registry.npmjs.org/@types/googlemaps/-/googlemaps-3.30.19.tgz",
            "integrity": "sha512-9uzg5jC6FRyAsMrhOLnUbblyN1xbcOVnqecQZxrnCDxTKssn4lwk0K4EWsw/sw8cJX32MFRMivyAT8dX/JBatg==",
            "dev": true
        },
        "@types/leaflet": {
            "version": "1.5.7",
            "resolved": "https://registry.npmjs.org/@types/leaflet/-/leaflet-1.5.7.tgz",
            "integrity": "sha512-FiPU4NQwH+jQ2wc3IjD7+9hgNZ95m4ry8qILO+eS6L4eUUVSXr+472+k4SRVEW+8j18QwqY7PFqudDQzfpRXTQ==",
            "dev": true,
            "requires": {
                "@types/geojson": "*"
            }
        },
        "@types/prop-types": {
            "version": "15.7.3",
            "resolved": "https://registry.npmjs.org/@types/prop-types/-/prop-types-15.7.3.tgz",
            "integrity": "sha512-KfRL3PuHmqQLOG+2tGpRO26Ctg+Cq1E01D2DMriKEATHgWLfeNDmq9e29Q9WIky0dQ3NPkd1mzYH8Lm936Z9qw==",
            "dev": true
        },
        "@types/react": {
            "version": "16.8.25",
            "resolved": "https://registry.npmjs.org/@types/react/-/react-16.8.25.tgz",
            "integrity": "sha512-ydAAkLnNTC4oYSxJ3zwK/4QcVmEecACJ4ZdxXITbxz/dhahBSDKY6OQ1uawAW6rE/7kfHccxulYLSAIZVrSq0A==",
            "dev": true,
            "requires": {
                "@types/prop-types": "*",
                "csstype": "^2.2.0"
            }
        },
        "@types/react-resize-detector": {
            "version": "4.2.0",
            "resolved": "https://registry.npmjs.org/@types/react-resize-detector/-/react-resize-detector-4.2.0.tgz",
            "integrity": "sha512-y5PPThHUrBGxMhLDNn0BRWglKr84y+gQHvzkyKxF8aW3pox4IySC33V8AOu7ReS0JR1X1dKQgWeF8IOkGrbeBg==",
            "dev": true,
            "requires": {
                "@types/react": "*"
            }
        },
        "classnames": {
            "version": "2.2.6",
            "resolved": "https://registry.npmjs.org/classnames/-/classnames-2.2.6.tgz",
            "integrity": "sha512-JR/iSQOSt+LQIWwrwEzJ9uk0xfN3mTVYMwt1Ir5mUcSN6pU+V4zQFFaJsclJbPuAUQH+yfWef6tm7l1quW3C8Q=="
        },
        "csstype": {
            "version": "2.6.8",
            "resolved": "https://registry.npmjs.org/csstype/-/csstype-2.6.8.tgz",
            "integrity": "sha512-msVS9qTuMT5zwAGCVm4mxfrZ18BNc6Csd0oJAtiFMZ1FAx1CCvy2+5MDmYoix63LM/6NDbNtodCiGYGmFgO0dA==",
            "dev": true
        },
        "faker": {
            "version": "4.1.0",
            "resolved": "https://registry.npmjs.org/faker/-/faker-4.1.0.tgz",
            "integrity": "sha1-HkW7vsxndLPBlfrSg1EJxtdIzD8=",
            "dev": true
        },
        "js-tokens": {
            "version": "4.0.0",
            "resolved": "https://registry.npmjs.org/js-tokens/-/js-tokens-4.0.0.tgz",
            "integrity": "sha512-RdJUflcE3cUzKiMqQgsCu06FPu9UdIJO0beYbPhHN4k6apgJtifcoCtT9bcxOpYBtpD2kCM6Sbzg4CausW/PKQ=="
        },
        "leaflet": {
            "version": "1.6.0",
            "resolved": "https://registry.npmjs.org/leaflet/-/leaflet-1.6.0.tgz",
            "integrity": "sha512-CPkhyqWUKZKFJ6K8umN5/D2wrJ2+/8UIpXppY7QDnUZW5bZL5+SEI2J7GBpwh4LIupOKqbNSQXgqmrEJopHVNQ=="
        },
        "leaflet-defaulticon-compatibility": {
            "version": "0.1.1",
            "resolved": "https://registry.npmjs.org/leaflet-defaulticon-compatibility/-/leaflet-defaulticon-compatibility-0.1.1.tgz",
            "integrity": "sha512-vDBFdlUAwjSEGep9ih8kfJilf6yN8V9zTbF5NC/1ZwLeGko3RUQepspPnGCRMFV51dY3Lb3hziboicrFz+rxQA=="
        },
        "lodash": {
            "version": "4.17.15",
            "resolved": "https://registry.npmjs.org/lodash/-/lodash-4.17.15.tgz",
            "integrity": "sha512-8xOcRHvCjnocdS5cpwXQXVzmmh5e5+saE2QGoeQmbKmRS6J3VQppPOIt0MnmE+4xlZoumy0GPG0D0MVIQbNA1A=="
        },
        "lodash-es": {
            "version": "4.17.15",
            "resolved": "https://registry.npmjs.org/lodash-es/-/lodash-es-4.17.15.tgz",
            "integrity": "sha512-rlrc3yU3+JNOpZ9zj5pQtxnx2THmvRykwL4Xlxoa8I9lHBlVbbyPhgyPMioxVZ4NqyxaVVtaJnzsyOidQIhyyQ=="
        },
        "loose-envify": {
            "version": "1.4.0",
            "resolved": "https://registry.npmjs.org/loose-envify/-/loose-envify-1.4.0.tgz",
            "integrity": "sha512-lyuxPGr/Wfhrlem2CL/UcnUc1zcqKAImBDzukY7Y5F/yQiNdko6+fRLevlw1HgMySw7f611UIY408EtxRSoK3Q==",
            "requires": {
                "js-tokens": "^3.0.0 || ^4.0.0"
            }
        },
        "object-assign": {
            "version": "4.1.1",
            "resolved": "https://registry.npmjs.org/object-assign/-/object-assign-4.1.1.tgz",
            "integrity": "sha1-IQmtx5ZYh8/AXLvUQsrIv7s2CGM="
        },
        "prop-types": {
            "version": "15.7.2",
            "resolved": "https://registry.npmjs.org/prop-types/-/prop-types-15.7.2.tgz",
            "integrity": "sha512-8QQikdH7//R2vurIJSutZ1smHYTcLpRWEOlHnzcWHmBYrOGUysKwSsrC89BCiFj3CbrfJ/nXFdJepOVrY1GCHQ==",
            "requires": {
                "loose-envify": "^1.4.0",
                "object-assign": "^4.1.1",
                "react-is": "^16.8.1"
            }
        },
        "raf-schd": {
            "version": "4.0.2",
            "resolved": "https://registry.npmjs.org/raf-schd/-/raf-schd-4.0.2.tgz",
            "integrity": "sha512-VhlMZmGy6A6hrkJWHLNTGl5gtgMUm+xfGza6wbwnE914yeQ5Ybm18vgM734RZhMgfw4tacUrWseGZlpUrrakEQ=="
        },
        "react-is": {
            "version": "16.12.0",
            "resolved": "https://registry.npmjs.org/react-is/-/react-is-16.12.0.tgz",
            "integrity": "sha512-rPCkf/mWBtKc97aLL9/txD8DZdemK0vkA3JMLShjlJB3Pj3s+lpf1KaBzMfQrAmhMQB0n1cU/SUGgKKBCe837Q=="
        },
        "react-resize-detector": {
            "version": "4.2.1",
            "resolved": "https://registry.npmjs.org/react-resize-detector/-/react-resize-detector-4.2.1.tgz",
            "integrity": "sha512-ZfPMBPxXi0o3xox42MIEtz84tPSVMW9GgwLHYvjVXlFM+OkNzbeEtpVSV+mSTJmk4Znwomolzt35zHN9LNBQMQ==",
            "requires": {
                "lodash": "^4.17.15",
                "lodash-es": "^4.17.15",
                "prop-types": "^15.7.2",
                "raf-schd": "^4.0.2",
                "resize-observer-polyfill": "^1.5.1"
            }
        },
        "resize-observer-polyfill": {
            "version": "1.5.1",
            "resolved": "https://registry.npmjs.org/resize-observer-polyfill/-/resize-observer-polyfill-1.5.1.tgz",
            "integrity": "sha512-LwZrotdHOo12nQuZlHEmtuXdqGoOD0OhaxopaNFxWzInpEgaLWoVuAMbTzixuosCx2nEG58ngzW3vxdWoxIgdg=="
        }
    }
}
