{
    "name": "maps-web",
    "version": "1.0.8",
    "lockfileVersion": 1,
    "requires": true,
    "dependencies": {
        "@types/classnames": {
            "version": "2.2.9",
            "resolved": "https://registry.npmjs.org/@types/classnames/-/classnames-2.2.9.tgz",
            "integrity": "sha512-MNl+rT5UmZeilaPxAVs6YaPC2m6aA8rofviZbhbxpPpl61uKodfdQVsBtgJGTqGizEf02oW3tsVe7FYB8kK14A==",
            "dev": true
        },
        "@types/faker": {
            "version": "4.1.5",
            "resolved": "https://registry.npmjs.org/@types/faker/-/faker-4.1.5.tgz",
            "integrity": "sha512-YSDqoBEWYGdNk53xSkkb6REaUaVSlIjxIAGjj/nbLzlZOit7kUU+nA2zC2qQkIVO4MQ+3zl4Sz7aw+kbpHHHUQ==",
            "dev": true
        },
        "@types/geojson": {
            "version": "7946.0.7",
            "resolved": "https://registry.npmjs.org/@types/geojson/-/geojson-7946.0.7.tgz",
            "integrity": "sha512-wE2v81i4C4Ol09RtsWFAqg3BUitWbHSpSlIo+bNdsCJijO9sjme+zm+73ZMCa/qMC8UEERxzGbvmr1cffo2SiQ==",
            "dev": true
        },
        "@types/googlemaps": {
            "version": "3.30.19",
            "resolved": "https://registry.npmjs.org/@types/googlemaps/-/googlemaps-3.30.19.tgz",
            "integrity": "sha512-9uzg5jC6FRyAsMrhOLnUbblyN1xbcOVnqecQZxrnCDxTKssn4lwk0K4EWsw/sw8cJX32MFRMivyAT8dX/JBatg==",
            "dev": true
        },
        "@types/leaflet": {
            "version": "1.5.1",
            "resolved": "https://registry.npmjs.org/@types/leaflet/-/leaflet-1.5.1.tgz",
            "integrity": "sha512-E5k+vyE2Tv9wQsO6ZsEy08Pjd8RjHPkCzz3Ubt7feMc+5+VkbXtcZMcciczRWuMN5rFIsVywLxRhvTp7fAbbzg==",
            "dev": true,
            "requires": {
                "@types/geojson": "*"
            }
        },
        "@types/prop-types": {
            "version": "15.7.1",
            "resolved": "https://registry.npmjs.org/@types/prop-types/-/prop-types-15.7.1.tgz",
            "integrity": "sha512-CFzn9idOEpHrgdw8JsoTkaDDyRWk1jrzIV8djzcgpq0y9tG4B4lFT+Nxh52DVpDXV+n4+NPNv7M1Dj5uMp6XFg==",
            "dev": true
        },
        "@types/react": {
            "version": "16.9.2",
            "resolved": "https://registry.npmjs.org/@types/react/-/react-16.9.2.tgz",
            "integrity": "sha512-jYP2LWwlh+FTqGd9v7ynUKZzjj98T8x7Yclz479QdRhHfuW9yQ+0jjnD31eXSXutmBpppj5PYNLYLRfnZJvcfg==",
            "dev": true,
            "requires": {
                "@types/prop-types": "*",
                "csstype": "^2.2.0"
            }
        },
        "@types/react-resize-detector": {
            "version": "4.0.2",
            "resolved": "https://registry.npmjs.org/@types/react-resize-detector/-/react-resize-detector-4.0.2.tgz",
            "integrity": "sha512-5tJSq35S4H/0QhHwd5nMWuBVj96NHCTLW5AyZoKKQq5VBrNWkgrJan/WJ/w36Pf5v+WWw/1Wc9CMxgt1reksKA==",
            "dev": true,
            "requires": {
                "@types/react": "*"
            }
        },
        "ajv": {
            "version": "6.10.2",
            "resolved": "https://registry.npmjs.org/ajv/-/ajv-6.10.2.tgz",
            "integrity": "sha512-TXtUUEYHuaTEbLZWIKUr5pmBuhDLy+8KYtPYdcV8qC+pOZL+NKqYwvWSRrVXHn+ZmRRAu8vJTAznH7Oag6RVRw==",
            "dev": true,
            "requires": {
                "fast-deep-equal": "^2.0.1",
                "fast-json-stable-stringify": "^2.0.0",
                "json-schema-traverse": "^0.4.1",
                "uri-js": "^4.2.2"
            }
        },
        "ajv-errors": {
            "version": "1.0.1",
            "resolved": "https://registry.npmjs.org/ajv-errors/-/ajv-errors-1.0.1.tgz",
            "integrity": "sha512-DCRfO/4nQ+89p/RK43i8Ezd41EqdGIU4ld7nGF8OQ14oc/we5rEntLCUa7+jrn3nn83BosfwZA0wb4pon2o8iQ==",
            "dev": true
        },
        "ajv-keywords": {
            "version": "3.4.1",
            "resolved": "https://registry.npmjs.org/ajv-keywords/-/ajv-keywords-3.4.1.tgz",
            "integrity": "sha512-RO1ibKvd27e6FEShVFfPALuHI3WjSVNeK5FIsmme/LYRNxjKuNj+Dt7bucLa6NdSv3JcVTyMlm9kGR84z1XpaQ==",
            "dev": true
        },
        "big.js": {
            "version": "5.2.2",
            "resolved": "https://registry.npmjs.org/big.js/-/big.js-5.2.2.tgz",
            "integrity": "sha512-vyL2OymJxmarO8gxMr0mhChsO9QGwhynfuu4+MHTAW6czfq9humCB7rKpUjDd9YUiDPU4mzpyupFSvOClAwbmQ==",
            "dev": true
        },
        "classnames": {
            "version": "2.2.6",
            "resolved": "https://registry.npmjs.org/classnames/-/classnames-2.2.6.tgz",
            "integrity": "sha512-JR/iSQOSt+LQIWwrwEzJ9uk0xfN3mTVYMwt1Ir5mUcSN6pU+V4zQFFaJsclJbPuAUQH+yfWef6tm7l1quW3C8Q=="
        },
        "csstype": {
            "version": "2.6.6",
            "resolved": "https://registry.npmjs.org/csstype/-/csstype-2.6.6.tgz",
            "integrity": "sha512-RpFbQGUE74iyPgvr46U9t1xoQBM8T4BL8SxrN66Le2xYAPSaDJJKeztV3awugusb3g3G9iL8StmkBBXhcbbXhg==",
            "dev": true
        },
        "emojis-list": {
            "version": "2.1.0",
            "resolved": "https://registry.npmjs.org/emojis-list/-/emojis-list-2.1.0.tgz",
            "integrity": "sha1-TapNnbAPmBmIDHn6RXrlsJof04k=",
            "dev": true
        },
        "faker": {
            "version": "4.1.0",
            "resolved": "https://registry.npmjs.org/faker/-/faker-4.1.0.tgz",
            "integrity": "sha1-HkW7vsxndLPBlfrSg1EJxtdIzD8=",
            "dev": true
        },
        "fast-deep-equal": {
            "version": "2.0.1",
            "resolved": "https://registry.npmjs.org/fast-deep-equal/-/fast-deep-equal-2.0.1.tgz",
            "integrity": "sha1-ewUhjd+WZ79/Nwv3/bLLFf3Qqkk=",
            "dev": true
        },
        "fast-json-stable-stringify": {
            "version": "2.0.0",
            "resolved": "https://registry.npmjs.org/fast-json-stable-stringify/-/fast-json-stable-stringify-2.0.0.tgz",
            "integrity": "sha1-1RQsDK7msRifh9OnYREGT4bIu/I=",
            "dev": true
        },
        "is-plain-obj": {
            "version": "1.1.0",
            "resolved": "https://registry.npmjs.org/is-plain-obj/-/is-plain-obj-1.1.0.tgz",
            "integrity": "sha1-caUMhCnfync8kqOQpKA7OfzVHT4=",
            "dev": true
        },
        "js-tokens": {
            "version": "4.0.0",
            "resolved": "https://registry.npmjs.org/js-tokens/-/js-tokens-4.0.0.tgz",
            "integrity": "sha512-RdJUflcE3cUzKiMqQgsCu06FPu9UdIJO0beYbPhHN4k6apgJtifcoCtT9bcxOpYBtpD2kCM6Sbzg4CausW/PKQ=="
        },
        "json-schema-traverse": {
            "version": "0.4.1",
            "resolved": "https://registry.npmjs.org/json-schema-traverse/-/json-schema-traverse-0.4.1.tgz",
            "integrity": "sha512-xbbCH5dCYU5T8LcEhhuh7HJ88HXuW3qsI3Y0zOZFKfZEHcpWiHU/Jxzk629Brsab/mMiHQti9wMP+845RPe3Vg==",
            "dev": true
        },
        "json5": {
            "version": "1.0.1",
            "resolved": "https://registry.npmjs.org/json5/-/json5-1.0.1.tgz",
            "integrity": "sha512-aKS4WQjPenRxiQsC93MNfjx+nbF4PAdYzmd/1JIj8HYzqfbu86beTuNgXDzPknWk0n0uARlyewZo4s++ES36Ow==",
            "dev": true,
            "requires": {
                "minimist": "^1.2.0"
            }
        },
        "leaflet": {
            "version": "1.5.1",
            "resolved": "https://registry.npmjs.org/leaflet/-/leaflet-1.5.1.tgz",
            "integrity": "sha512-ekM9KAeG99tYisNBg0IzEywAlp0hYI5XRipsqRXyRTeuU8jcuntilpp+eFf5gaE0xubc9RuSNIVtByEKwqFV0w=="
        },
        "leaflet-defaulticon-compatibility": {
            "version": "0.1.1",
            "resolved": "https://registry.npmjs.org/leaflet-defaulticon-compatibility/-/leaflet-defaulticon-compatibility-0.1.1.tgz",
            "integrity": "sha512-vDBFdlUAwjSEGep9ih8kfJilf6yN8V9zTbF5NC/1ZwLeGko3RUQepspPnGCRMFV51dY3Lb3hziboicrFz+rxQA=="
        },
        "loader-utils": {
            "version": "1.2.3",
            "resolved": "https://registry.npmjs.org/loader-utils/-/loader-utils-1.2.3.tgz",
            "integrity": "sha512-fkpz8ejdnEMG3s37wGL07iSBDg99O9D5yflE9RGNH3hRdx9SOwYfnGYdZOUIZitN8E+E2vkq3MUMYMvPYl5ZZA==",
            "dev": true,
            "requires": {
                "big.js": "^5.2.2",
                "emojis-list": "^2.0.0",
                "json5": "^1.0.1"
            }
        },
        "lodash": {
            "version": "4.17.15",
            "resolved": "https://registry.npmjs.org/lodash/-/lodash-4.17.15.tgz",
            "integrity": "sha512-8xOcRHvCjnocdS5cpwXQXVzmmh5e5+saE2QGoeQmbKmRS6J3VQppPOIt0MnmE+4xlZoumy0GPG0D0MVIQbNA1A=="
        },
        "lodash-es": {
            "version": "4.17.15",
            "resolved": "https://registry.npmjs.org/lodash-es/-/lodash-es-4.17.15.tgz",
            "integrity": "sha512-rlrc3yU3+JNOpZ9zj5pQtxnx2THmvRykwL4Xlxoa8I9lHBlVbbyPhgyPMioxVZ4NqyxaVVtaJnzsyOidQIhyyQ=="
        },
        "loose-envify": {
            "version": "1.4.0",
            "resolved": "https://registry.npmjs.org/loose-envify/-/loose-envify-1.4.0.tgz",
            "integrity": "sha512-lyuxPGr/Wfhrlem2CL/UcnUc1zcqKAImBDzukY7Y5F/yQiNdko6+fRLevlw1HgMySw7f611UIY408EtxRSoK3Q==",
            "requires": {
                "js-tokens": "^3.0.0 || ^4.0.0"
            }
        },
        "mini-css-extract-plugin": {
            "version": "0.8.0",
            "resolved": "https://registry.npmjs.org/mini-css-extract-plugin/-/mini-css-extract-plugin-0.8.0.tgz",
            "integrity": "sha512-MNpRGbNA52q6U92i0qbVpQNsgk7LExy41MdAlG84FeytfDOtRIf/mCHdEgG8rpTKOaNKiqUnZdlptF469hxqOw==",
            "dev": true,
            "requires": {
                "loader-utils": "^1.1.0",
                "normalize-url": "1.9.1",
                "schema-utils": "^1.0.0",
                "webpack-sources": "^1.1.0"
            }
        },
        "minimist": {
            "version": "1.2.0",
            "resolved": "https://registry.npmjs.org/minimist/-/minimist-1.2.0.tgz",
            "integrity": "sha1-o1AIsg9BOD7sH7kU9M1d95omQoQ=",
            "dev": true
        },
        "normalize-url": {
            "version": "1.9.1",
            "resolved": "https://registry.npmjs.org/normalize-url/-/normalize-url-1.9.1.tgz",
            "integrity": "sha1-LMDWazHqIwNkWENuNiDYWVTGbDw=",
            "dev": true,
            "requires": {
                "object-assign": "^4.0.1",
                "prepend-http": "^1.0.0",
                "query-string": "^4.1.0",
                "sort-keys": "^1.0.0"
            }
        },
        "object-assign": {
            "version": "4.1.1",
            "resolved": "https://registry.npmjs.org/object-assign/-/object-assign-4.1.1.tgz",
            "integrity": "sha1-IQmtx5ZYh8/AXLvUQsrIv7s2CGM="
        },
        "prepend-http": {
            "version": "1.0.4",
            "resolved": "https://registry.npmjs.org/prepend-http/-/prepend-http-1.0.4.tgz",
            "integrity": "sha1-1PRWKwzjaW5BrFLQ4ALlemNdxtw=",
            "dev": true
        },
        "prop-types": {
            "version": "15.7.2",
            "resolved": "https://registry.npmjs.org/prop-types/-/prop-types-15.7.2.tgz",
            "integrity": "sha512-8QQikdH7//R2vurIJSutZ1smHYTcLpRWEOlHnzcWHmBYrOGUysKwSsrC89BCiFj3CbrfJ/nXFdJepOVrY1GCHQ==",
            "requires": {
                "loose-envify": "^1.4.0",
                "object-assign": "^4.1.1",
                "react-is": "^16.8.1"
            }
        },
        "punycode": {
            "version": "2.1.1",
            "resolved": "https://registry.npmjs.org/punycode/-/punycode-2.1.1.tgz",
            "integrity": "sha512-XRsRjdf+j5ml+y/6GKHPZbrF/8p2Yga0JPtdqTIY2Xe5ohJPD9saDJJLPvp9+NSBprVvevdXZybnj2cv8OEd0A==",
            "dev": true
        },
        "query-string": {
            "version": "4.3.4",
            "resolved": "https://registry.npmjs.org/query-string/-/query-string-4.3.4.tgz",
            "integrity": "sha1-u7aTucqRXCMlFbIosaArYJBD2+s=",
            "dev": true,
            "requires": {
                "object-assign": "^4.1.0",
                "strict-uri-encode": "^1.0.0"
            }
        },
        "raf-schd": {
            "version": "4.0.2",
            "resolved": "https://registry.npmjs.org/raf-schd/-/raf-schd-4.0.2.tgz",
            "integrity": "sha512-VhlMZmGy6A6hrkJWHLNTGl5gtgMUm+xfGza6wbwnE914yeQ5Ybm18vgM734RZhMgfw4tacUrWseGZlpUrrakEQ=="
        },
        "react-is": {
            "version": "16.9.0",
            "resolved": "https://registry.npmjs.org/react-is/-/react-is-16.9.0.tgz",
            "integrity": "sha512-tJBzzzIgnnRfEm046qRcURvwQnZVXmuCbscxUO5RWrGTXpon2d4c8mI0D8WE6ydVIm29JiLB6+RslkIvym9Rjw=="
        },
        "react-resize-detector": {
            "version": "4.2.0",
            "resolved": "https://registry.npmjs.org/react-resize-detector/-/react-resize-detector-4.2.0.tgz",
            "integrity": "sha512-AtOaNIxs0ydua7tEoglXR3902/EdlIj9PXDu1Zj0ug2VAUnkSQjguLGzaG/N6CXLOhJSccTsUCZxjLayQ1mE9Q==",
            "requires": {
                "lodash": "^4.17.11",
                "lodash-es": "^4.17.11",
                "prop-types": "^15.7.2",
                "raf-schd": "^4.0.0",
                "resize-observer-polyfill": "^1.5.1"
            }
        },
        "resize-observer-polyfill": {
            "version": "1.5.1",
            "resolved": "https://registry.npmjs.org/resize-observer-polyfill/-/resize-observer-polyfill-1.5.1.tgz",
            "integrity": "sha512-LwZrotdHOo12nQuZlHEmtuXdqGoOD0OhaxopaNFxWzInpEgaLWoVuAMbTzixuosCx2nEG58ngzW3vxdWoxIgdg=="
        },
        "schema-utils": {
            "version": "1.0.0",
            "resolved": "https://registry.npmjs.org/schema-utils/-/schema-utils-1.0.0.tgz",
            "integrity": "sha512-i27Mic4KovM/lnGsy8whRCHhc7VicJajAjTrYg11K9zfZXnYIt4k5F+kZkwjnrhKzLic/HLU4j11mjsz2G/75g==",
            "dev": true,
            "requires": {
                "ajv": "^6.1.0",
                "ajv-errors": "^1.0.0",
                "ajv-keywords": "^3.1.0"
            }
        },
        "sort-keys": {
            "version": "1.1.2",
            "resolved": "https://registry.npmjs.org/sort-keys/-/sort-keys-1.1.2.tgz",
            "integrity": "sha1-RBttTTRnmPG05J6JIK37oOVD+a0=",
            "dev": true,
            "requires": {
                "is-plain-obj": "^1.0.0"
            }
        },
        "source-list-map": {
            "version": "2.0.1",
            "resolved": "https://registry.npmjs.org/source-list-map/-/source-list-map-2.0.1.tgz",
            "integrity": "sha512-qnQ7gVMxGNxsiL4lEuJwe/To8UnK7fAnmbGEEH8RpLouuKbeEm0lhbQVFIrNSuB+G7tVrAlVsZgETT5nljf+Iw==",
            "dev": true
        },
        "source-map": {
            "version": "0.6.1",
            "resolved": "https://registry.npmjs.org/source-map/-/source-map-0.6.1.tgz",
            "integrity": "sha512-UjgapumWlbMhkBgzT7Ykc5YXUT46F0iKu8SGXq0bcwP5dz/h0Plj6enJqjz1Zbq2l5WaqYnrVbwWOWMyF3F47g==",
            "dev": true
        },
        "strict-uri-encode": {
            "version": "1.1.0",
            "resolved": "https://registry.npmjs.org/strict-uri-encode/-/strict-uri-encode-1.1.0.tgz",
            "integrity": "sha1-J5siXfHVgrH1TmWt3UNS4Y+qBxM=",
            "dev": true
        },
        "uri-js": {
            "version": "4.2.2",
            "resolved": "https://registry.npmjs.org/uri-js/-/uri-js-4.2.2.tgz",
            "integrity": "sha512-KY9Frmirql91X2Qgjry0Wd4Y+YTdrdZheS8TFwvkbLWf/G5KNJDCh6pKL5OZctEW4+0Baa5idK2ZQuELRwPznQ==",
            "dev": true,
            "requires": {
                "punycode": "^2.1.0"
            }
        },
        "webpack-sources": {
            "version": "1.4.3",
            "resolved": "https://registry.npmjs.org/webpack-sources/-/webpack-sources-1.4.3.tgz",
            "integrity": "sha512-lgTS3Xhv1lCOKo7SA5TjKXMjpSM4sBjNV5+q2bqesbSPs5FjGmU6jjtBSkX9b4qW87vDIsCIlUPOEhbZrMdjeQ==",
            "dev": true,
            "requires": {
                "source-list-map": "^2.0.0",
                "source-map": "~0.6.1"
            }
        }
    }
}
