{
    "name": "progresscircle",
    "version": "1.7.0",
    "lockfileVersion": 1,
    "requires": true,
    "dependencies": {
        "@types/classnames": {
            "version": "2.2.9",
            "resolved": "https://registry.npmjs.org/@types/classnames/-/classnames-2.2.9.tgz",
            "integrity": "sha512-MNl+rT5UmZeilaPxAVs6YaPC2m6aA8rofviZbhbxpPpl61uKodfdQVsBtgJGTqGizEf02oW3tsVe7FYB8kK14A==",
            "dev": true
        },
        "classnames": {
            "version": "2.2.6",
            "resolved": "https://registry.npmjs.org/classnames/-/classnames-2.2.6.tgz",
            "integrity": "sha512-JR/iSQOSt+LQIWwrwEzJ9uk0xfN3mTVYMwt1Ir5mUcSN6pU+V4zQFFaJsclJbPuAUQH+yfWef6tm7l1quW3C8Q=="
        },
        "progressbar.js": {
            "version": "1.0.1",
            "resolved": "https://registry.npmjs.org/progressbar.js/-/progressbar.js-1.0.1.tgz",
            "integrity": "sha1-9/v8GVJA/guzL2972y5/9ADqcfk=",
            "requires": {
                "shifty": "^1.5.2"
            }
        },
        "shifty": {
            "version": "1.5.4",
            "resolved": "https://registry.npmjs.org/shifty/-/shifty-1.5.4.tgz",
            "integrity": "sha1-1DYvyRTdKA3fblIr5AiyEgMgg0Y="
        }
    }
}
