{
    "name": "hybrid-mobile-actions",
    "version": "0.0.1",
    "lockfileVersion": 1,
    "requires": true,
    "dependencies": {
        "@types/big.js": {
            "version": "4.0.5",
            "resolved": "https://registry.npmjs.org/@types/big.js/-/big.js-4.0.5.tgz",
            "integrity": "sha512-D9KFrAt05FDSqLo7PU9TDHfDgkarlwdkuwFsg7Zm4xl62tTNaz+zN+Tkcdx2wGLBbSMf8BnoMhOVeUGUaJfLKg==",
            "dev": true
        },
        "@types/cordova": {
            "version": "0.0.34",
            "resolved": "https://registry.npmjs.org/@types/cordova/-/cordova-0.0.34.tgz",
            "integrity": "sha1-6nrd907Ow9dimCegw54smt3HPQQ=",
            "dev": true
        },
        "@types/cordova-plugin-app-version": {
            "version": "0.1.35",
            "resolved": "https://registry.npmjs.org/@types/cordova-plugin-app-version/-/cordova-plugin-app-version-0.1.35.tgz",
            "integrity": "sha512-7lWN5lAtnewxm7Kr4grmIY4i3akizGR6hkUx/V6c8s93E9fLtXwM2IQ8H79gV4eMX6b8Z4Lj3RPDY3EKnxX9Lw==",
            "dev": true
        },
        "@types/dojo": {
            "version": "1.9.41",
            "resolved": "https://registry.npmjs.org/@types/dojo/-/dojo-1.9.41.tgz",
            "integrity": "sha512-N/WEkyAdJjIb2yKcXzTTqtOUsc6PkMDYMyePOH0gE/c9p6VG9Rr/Qy0eGsZlmIM2m9WhZm7t+Sflj/FeS2vhkQ==",
            "dev": true
        },
        "@types/node": {
            "version": "12.7.4",
            "resolved": "https://registry.npmjs.org/@types/node/-/node-12.7.4.tgz",
            "integrity": "sha512-W0+n1Y+gK/8G2P/piTkBBN38Qc5Q1ZSO6B5H3QmPCUewaiXOo2GCAWZ4ElZCcNhjJuBSUSLGFUJnmlCn5+nxOQ==",
            "dev": true
        },
        "cordova-plugin-camera": {
            "version": "4.1.0",
            "resolved": "https://registry.npmjs.org/cordova-plugin-camera/-/cordova-plugin-camera-4.1.0.tgz",
            "integrity": "sha512-fCLhWjWYn49q3X5xaypAPgTz6MAWSKFFQvD2Gpi5SuVlrRPRphtX2jIqR2zCBuDTBR082QVnlc+yUDXt65Mjgw==",
            "dev": true
        },
        "cordova-plugin-contacts": {
            "version": "3.0.1",
            "resolved": "https://registry.npmjs.org/cordova-plugin-contacts/-/cordova-plugin-contacts-3.0.1.tgz",
            "integrity": "sha1-N6ravsk8mCwEo9zaDk8c+glqhKs=",
            "dev": true
        },
        "cordova-plugin-file": {
            "version": "6.0.2",
            "resolved": "https://registry.npmjs.org/cordova-plugin-file/-/cordova-plugin-file-6.0.2.tgz",
            "integrity": "sha512-m7cughw327CjONN/qjzsTpSesLaeybksQh420/gRuSXJX5Zt9NfgsSbqqKDon6jnQ9Mm7h7imgyO2uJ34XMBtA==",
            "dev": true
        },
        "cordova-plugin-media": {
            "version": "5.0.3",
            "resolved": "https://registry.npmjs.org/cordova-plugin-media/-/cordova-plugin-media-5.0.3.tgz",
            "integrity": "sha512-UQPFlpk1zL4BY44zGi8RVmYCvcKBCN4Dyf8ovxqGYCC8zR1yhbTRWYDdO9vJdERwbfgWV7+z7FMWiSUfqWm9bQ==",
            "dev": true
        },
        "cordova-plugin-network-information": {
            "version": "2.0.2",
            "resolved": "https://registry.npmjs.org/cordova-plugin-network-information/-/cordova-plugin-network-information-2.0.2.tgz",
            "integrity": "sha512-NwO3qDBNL/vJxUxBTPNOA1HvkDf9eTeGH8JSZiwy1jq2W2mJKQEDBwqWkaEQS19Yd/MQTiw0cykxg5D7u4J6cQ==",
            "dev": true
        },
        "cordova-plugin-statusbar": {
            "version": "2.4.3",
            "resolved": "https://registry.npmjs.org/cordova-plugin-statusbar/-/cordova-plugin-statusbar-2.4.3.tgz",
            "integrity": "sha512-ThmXzl6QIKWFXf4wWw7Q/zpB+VKkz3VM958+5A0sXD4jmR++u7KnGttLksXshVwWr6lvGwUebLYtIyXwS4Ovcg==",
            "dev": true
        },
        "mendix-client": {
            "version": "7.15.8",
            "resolved": "https://registry.npmjs.org/mendix-client/-/mendix-client-7.15.8.tgz",
            "integrity": "sha512-RazCdCHoLVNKUUeKDkSkIL6Lxx6fUaa4iiy+Ltp9ra8mLQhwyNqD33TIN7YZJ3HDjHc3eWh9cjiZWwh6Jg/cQg==",
            "dev": true,
            "requires": {
                "@types/big.js": "0.0.31",
                "@types/dojo": "^1.9.34"
            },
            "dependencies": {
                "@types/big.js": {
                    "version": "0.0.31",
                    "resolved": "https://registry.npmjs.org/@types/big.js/-/big.js-0.0.31.tgz",
                    "integrity": "sha1-9lMMemn5j68hjYmS395+SyW/fMk=",
                    "dev": true
                }
            }
        }
    }
}
