{
    "name": "badge-web",
    "version": "1.4.0",
    "lockfileVersion": 1,
    "requires": true,
    "dependencies": {
        "@types/classnames": {
            "version": "2.2.9",
            "resolved": "https://registry.npmjs.org/@types/classnames/-/classnames-2.2.9.tgz",
            "integrity": "sha512-MNl+rT5UmZeilaPxAVs6YaPC2m6aA8rofviZbhbxpPpl61uKodfdQVsBtgJGTqGizEf02oW3tsVe7FYB8kK14A==",
            "dev": true
        },
        "@types/fancy-log": {
            "version": "1.3.0",
            "resolved": "https://registry.npmjs.org/@types/fancy-log/-/fancy-log-1.3.0.tgz",
            "integrity": "sha512-mQjDxyOM1Cpocd+vm1kZBP7smwKZ4TNokFeds9LV7OZibmPJFEzY3+xZMrKfUdNT71lv8GoCPD6upKwHxubClw==",
            "dev": true
        },
        "ansi-colors": {
            "version": "1.1.0",
            "resolved": "https://registry.npmjs.org/ansi-colors/-/ansi-colors-1.1.0.tgz",
            "integrity": "sha512-SFKX67auSNoVR38N3L+nvsPjOE0bybKTYbkf5tRvushrAPQ9V75huw0ZxBkKVeRU9kqH3d6HA4xTckbwZ4ixmA==",
            "dev": true,
            "requires": {
                "ansi-wrap": "^0.1.0"
            }
        },
        "ansi-gray": {
            "version": "0.1.1",
            "resolved": "https://registry.npmjs.org/ansi-gray/-/ansi-gray-0.1.1.tgz",
            "integrity": "sha1-KWLPVOyXksSFEKPetSRDaGHvclE=",
            "dev": true,
            "requires": {
                "ansi-wrap": "0.1.0"
            }
        },
        "ansi-wrap": {
            "version": "0.1.0",
            "resolved": "https://registry.npmjs.org/ansi-wrap/-/ansi-wrap-0.1.0.tgz",
            "integrity": "sha1-qCJQ3bABXponyoLoLqYDu/pF768=",
            "dev": true
        },
        "arr-diff": {
            "version": "4.0.0",
            "resolved": "https://registry.npmjs.org/arr-diff/-/arr-diff-4.0.0.tgz",
            "integrity": "sha1-1kYQdP6/7HHn4VI1dhoyml3HxSA=",
            "dev": true
        },
        "arr-union": {
            "version": "3.1.0",
            "resolved": "https://registry.npmjs.org/arr-union/-/arr-union-3.1.0.tgz",
            "integrity": "sha1-45sJrqne+Gao8gbiiK9jkZuuOcQ=",
            "dev": true
        },
        "assign-symbols": {
            "version": "1.0.0",
            "resolved": "https://registry.npmjs.org/assign-symbols/-/assign-symbols-1.0.0.tgz",
            "integrity": "sha1-WWZ/QfrdTyDMvCu5a41Pf3jsA2c=",
            "dev": true
        },
        "classnames": {
            "version": "2.2.6",
            "resolved": "https://registry.npmjs.org/classnames/-/classnames-2.2.6.tgz",
            "integrity": "sha512-JR/iSQOSt+LQIWwrwEzJ9uk0xfN3mTVYMwt1Ir5mUcSN6pU+V4zQFFaJsclJbPuAUQH+yfWef6tm7l1quW3C8Q=="
        },
        "color-support": {
            "version": "1.1.3",
            "resolved": "https://registry.npmjs.org/color-support/-/color-support-1.1.3.tgz",
            "integrity": "sha512-qiBjkpbMLO/HL68y+lh4q0/O1MZFj2RX6X/KmMa3+gJD3z+WwI1ZzDHysvqHGS3mP6mznPckpXmw1nI9cJjyRg==",
            "dev": true
        },
        "extend-shallow": {
            "version": "3.0.2",
            "resolved": "https://registry.npmjs.org/extend-shallow/-/extend-shallow-3.0.2.tgz",
            "integrity": "sha1-Jqcarwc7OfshJxcnRhMcJwQCjbg=",
            "dev": true,
            "requires": {
                "assign-symbols": "^1.0.0",
                "is-extendable": "^1.0.1"
            }
        },
        "fancy-log": {
            "version": "1.3.3",
            "resolved": "https://registry.npmjs.org/fancy-log/-/fancy-log-1.3.3.tgz",
            "integrity": "sha512-k9oEhlyc0FrVh25qYuSELjr8oxsCoc4/LEZfg2iJJrfEk/tZL9bCoJE47gqAvI2m/AUjluCS4+3I0eTx8n3AEw==",
            "dev": true,
            "requires": {
                "ansi-gray": "^0.1.1",
                "color-support": "^1.1.3",
                "parse-node-version": "^1.0.0",
                "time-stamp": "^1.0.0"
            }
        },
        "gulp-tslint": {
            "version": "8.1.4",
            "resolved": "https://registry.npmjs.org/gulp-tslint/-/gulp-tslint-8.1.4.tgz",
            "integrity": "sha512-wBoZIEMJRz9urHwolsvQpngA9l931p6g/Liwz1b/KrsVP6jEBFZv/o0NS1TFCQZi/l8mXxz8+v3twhf4HOXxPQ==",
            "dev": true,
            "requires": {
                "@types/fancy-log": "1.3.0",
                "ansi-colors": "^1.0.1",
                "fancy-log": "1.3.3",
                "map-stream": "~0.0.7",
                "plugin-error": "1.0.1",
                "through": "~2.3.8"
            }
        },
        "is-extendable": {
            "version": "1.0.1",
            "resolved": "https://registry.npmjs.org/is-extendable/-/is-extendable-1.0.1.tgz",
            "integrity": "sha512-arnXMxT1hhoKo9k1LZdmlNyJdDDfy2v0fXjFlmok4+i8ul/6WlbVge9bhM74OpNPQPMGUToDtz+KXa1PneJxOA==",
            "dev": true,
            "requires": {
                "is-plain-object": "^2.0.4"
            }
        },
        "is-plain-object": {
            "version": "2.0.4",
            "resolved": "https://registry.npmjs.org/is-plain-object/-/is-plain-object-2.0.4.tgz",
            "integrity": "sha512-h5PpgXkWitc38BBMYawTYMWJHFZJVnBquFE57xFpjB8pJFiF6gZ+bU+WyI/yqXiFR5mdLsgYNaPe8uao6Uv9Og==",
            "dev": true,
            "requires": {
                "isobject": "^3.0.1"
            }
        },
        "isobject": {
            "version": "3.0.1",
            "resolved": "https://registry.npmjs.org/isobject/-/isobject-3.0.1.tgz",
            "integrity": "sha1-TkMekrEalzFjaqH5yNHMvP2reN8=",
            "dev": true
        },
        "map-stream": {
            "version": "0.0.7",
            "resolved": "https://registry.npmjs.org/map-stream/-/map-stream-0.0.7.tgz",
            "integrity": "sha1-ih8HiW2CsQkmvTdEokIACfiJdKg=",
            "dev": true
        },
        "parse-node-version": {
            "version": "1.0.1",
            "resolved": "https://registry.npmjs.org/parse-node-version/-/parse-node-version-1.0.1.tgz",
            "integrity": "sha512-3YHlOa/JgH6Mnpr05jP9eDG254US9ek25LyIxZlDItp2iJtwyaXQb57lBYLdT3MowkUFYEV2XXNAYIPlESvJlA==",
            "dev": true
        },
        "plugin-error": {
            "version": "1.0.1",
            "resolved": "https://registry.npmjs.org/plugin-error/-/plugin-error-1.0.1.tgz",
            "integrity": "sha512-L1zP0dk7vGweZME2i+EeakvUNqSrdiI3F91TwEoYiGrAfUXmVv6fJIq4g82PAXxNsWOp0J7ZqQy/3Szz0ajTxA==",
            "dev": true,
            "requires": {
                "ansi-colors": "^1.0.1",
                "arr-diff": "^4.0.0",
                "arr-union": "^3.1.0",
                "extend-shallow": "^3.0.2"
            }
        },
        "through": {
            "version": "2.3.8",
            "resolved": "https://registry.npmjs.org/through/-/through-2.3.8.tgz",
            "integrity": "sha1-DdTJ/6q8NXlgsbckEV1+Doai4fU=",
            "dev": true
        },
        "time-stamp": {
            "version": "1.1.0",
            "resolved": "https://registry.npmjs.org/time-stamp/-/time-stamp-1.1.0.tgz",
            "integrity": "sha1-dkpaEa9QVhkhsTPztE5hhofg9cM=",
            "dev": true
        }
    }
}
