{
    "name": "bottom-sheet",
    "version": "1.0.1",
    "lockfileVersion": 1,
    "requires": true,
    "dependencies": {
        "@types/prop-types": {
            "version": "15.7.3",
            "resolved": "https://registry.npmjs.org/@types/prop-types/-/prop-types-15.7.3.tgz",
            "integrity": "sha512-KfRL3PuHmqQLOG+2tGpRO26Ctg+Cq1E01D2DMriKEATHgWLfeNDmq9e29Q9WIky0dQ3NPkd1mzYH8Lm936Z9qw==",
            "dev": true
        },
        "@types/react": {
            "version": "16.9.23",
            "resolved": "https://registry.npmjs.org/@types/react/-/react-16.9.23.tgz",
            "integrity": "sha512-SsGVT4E7L2wLN3tPYLiF20hmZTPGuzaayVunfgXzUn1x4uHVsKH6QDJQ/TdpHqwsTLd4CwrmQ2vOgxN7gE24gw==",
            "dev": true,
            "requires": {
                "@types/prop-types": "*",
                "csstype": "^2.2.0"
            }
        },
        "@types/react-native-actionsheet": {
            "version": "2.4.1",
            "resolved": "https://registry.npmjs.org/@types/react-native-actionsheet/-/react-native-actionsheet-2.4.1.tgz",
            "integrity": "sha512-AMZ/xtQ/nhUPt5kabIFm++PU4GMN/CrWEgfb71A3rEY8ZO1+zy8cXAWwKo7kQemHvl5jCrxFarBweYsIWeiXmA==",
            "dev": true,
            "requires": {
                "@types/react": "*"
            }
        },
        "@types/react-native-modal": {
            "version": "4.1.1",
            "resolved": "https://registry.npmjs.org/@types/react-native-modal/-/react-native-modal-4.1.1.tgz",
            "integrity": "sha512-Synwj+cdwhHOi9SFNmu7voLv3AQM24e3Hy78Qz7nNb6spkftkv0gtaZlIWMJ5G0pywcs08JFX/cve8vCWUX6xw==",
            "dev": true,
            "requires": {
                "react-native-modal": "*"
            }
        },
        "csstype": {
            "version": "2.6.9",
            "resolved": "https://registry.npmjs.org/csstype/-/csstype-2.6.9.tgz",
            "integrity": "sha512-xz39Sb4+OaTsULgUERcCk+TJj8ylkL4aSVDQiX/ksxbELSqwkgt4d4RD7fovIdgJGSuNYqwZEiVjYY5l0ask+Q==",
            "dev": true
        },
        "hoist-non-react-statics": {
            "version": "2.5.5",
            "resolved": "https://registry.npmjs.org/hoist-non-react-statics/-/hoist-non-react-statics-2.5.5.tgz",
            "integrity": "sha512-rqcy4pJo55FTTLWt+bU8ukscqHeE/e9KWvsOW2b/a3afxQZhwkQdT1rPPCJ0rYXdj4vNcasY8zHTH+jF/qStxw=="
        },
        "invariant": {
            "version": "2.2.4",
            "resolved": "https://registry.npmjs.org/invariant/-/invariant-2.2.4.tgz",
            "integrity": "sha512-phJfQVBuaJM5raOpJjSfkiD6BpbCE4Ns//LaXl6wGYtUBY83nWS6Rf9tXm2e8VaK60JEjYldbPif/A2B1C2gNA==",
            "requires": {
                "loose-envify": "^1.0.0"
            }
        },
        "js-tokens": {
            "version": "4.0.0",
            "resolved": "https://registry.npmjs.org/js-tokens/-/js-tokens-4.0.0.tgz",
            "integrity": "sha512-RdJUflcE3cUzKiMqQgsCu06FPu9UdIJO0beYbPhHN4k6apgJtifcoCtT9bcxOpYBtpD2kCM6Sbzg4CausW/PKQ=="
        },
        "loose-envify": {
            "version": "1.4.0",
            "resolved": "https://registry.npmjs.org/loose-envify/-/loose-envify-1.4.0.tgz",
            "integrity": "sha512-lyuxPGr/Wfhrlem2CL/UcnUc1zcqKAImBDzukY7Y5F/yQiNdko6+fRLevlw1HgMySw7f611UIY408EtxRSoK3Q==",
            "requires": {
                "js-tokens": "^3.0.0 || ^4.0.0"
            }
        },
        "object-assign": {
            "version": "4.1.1",
            "resolved": "https://registry.npmjs.org/object-assign/-/object-assign-4.1.1.tgz",
            "integrity": "sha1-IQmtx5ZYh8/AXLvUQsrIv7s2CGM="
        },
        "prop-types": {
            "version": "15.7.2",
            "resolved": "https://registry.npmjs.org/prop-types/-/prop-types-15.7.2.tgz",
            "integrity": "sha512-8QQikdH7//R2vurIJSutZ1smHYTcLpRWEOlHnzcWHmBYrOGUysKwSsrC89BCiFj3CbrfJ/nXFdJepOVrY1GCHQ==",
            "requires": {
                "loose-envify": "^1.4.0",
                "object-assign": "^4.1.1",
                "react-is": "^16.8.1"
            }
        },
        "react-is": {
            "version": "16.12.0",
            "resolved": "https://registry.npmjs.org/react-is/-/react-is-16.12.0.tgz",
            "integrity": "sha512-rPCkf/mWBtKc97aLL9/txD8DZdemK0vkA3JMLShjlJB3Pj3s+lpf1KaBzMfQrAmhMQB0n1cU/SUGgKKBCe837Q=="
        },
        "react-native-actionsheet": {
            "version": "2.4.2",
            "resolved": "https://registry.npmjs.org/react-native-actionsheet/-/react-native-actionsheet-2.4.2.tgz",
            "integrity": "sha512-DBoWIvVwuWXuptF4t46pBqkFxaUxS+rsIdHiA05t0n4BdTIDV2R4s9bLEUVOGzb94D7VxIamsXZPA/3mmw+SXg=="
        },
        "react-native-animatable": {
            "version": "1.3.3",
            "resolved": "https://registry.npmjs.org/react-native-animatable/-/react-native-animatable-1.3.3.tgz",
            "integrity": "sha512-2ckIxZQAsvWn25Ho+DK3d1mXIgj7tITkrS4pYDvx96WyOttSvzzFeQnM2od0+FUMzILbdHDsDEqZvnz1DYNQ1w==",
            "requires": {
                "prop-types": "^15.7.2"
            }
        },
        "react-native-gesture-handler": {
            "version": "1.3.0",
            "resolved": "https://registry.npmjs.org/react-native-gesture-handler/-/react-native-gesture-handler-1.3.0.tgz",
            "integrity": "sha512-ASRFIXBuKRvqlmwkWJhV8yP2dTpvcqVrLNpd7FKVBFHYWr6SAxjGyO9Ik8w1lAxDhMlRP2IcJ9p9eq5X2WWeLQ==",
            "requires": {
                "hoist-non-react-statics": "^2.3.1",
                "invariant": "^2.2.2",
                "prop-types": "^15.5.10"
            }
        },
        "react-native-modal": {
            "version": "11.5.4",
            "resolved": "https://registry.npmjs.org/react-native-modal/-/react-native-modal-11.5.4.tgz",
            "integrity": "sha512-3wPBtba2maa4TczV1MeBv/M/8qcipxfOr+HG5pKF7qHmH5MlfaF22OmRhg1ioSN7+rkRkF/gvYIGQOufpI7emQ==",
            "requires": {
                "prop-types": "^15.6.2",
                "react-native-animatable": "1.3.3"
            }
        },
        "react-native-reanimated": {
            "version": "1.4.0",
            "resolved": "https://registry.npmjs.org/react-native-reanimated/-/react-native-reanimated-1.4.0.tgz",
            "integrity": "sha512-tO7nSNNP+iRLVbkcSS5GXyDBb7tSI02+XuRL3/S39EAr35rnvUy2JfeLUQG+fWSObJjnMVhasUDEUwlENk8IXw=="
        },
        "reanimated-bottom-sheet": {
            "version": "1.0.0-alpha.19",
            "resolved": "https://registry.npmjs.org/reanimated-bottom-sheet/-/reanimated-bottom-sheet-1.0.0-alpha.19.tgz",
            "integrity": "sha512-Q0sGUHYdr5h2n/AY7pKQty35zcUAxxYM1nCl+luSQAyqiY6a5Kf8IBQRsOVvs60sDzqXxtbwxHgM5mkwaiQC4Q=="
        }
    }
}
