{
    "name": "charts",
    "version": "0.0.1",
    "lockfileVersion": 1,
    "requires": true,
    "dependencies": {
        "@types/d3-path": {
            "version": "1.0.7",
            "resolved": "https://registry.npmjs.org/@types/d3-path/-/d3-path-1.0.7.tgz",
            "integrity": "sha512-U8dFRG+8WhkLJr2sxZ9Cw/5WeRgBnNqMxGdA1+Z0+ZG6tK0s75OQ4OXnxeyfKuh6E4wQPY8OAKr1+iNDx01BEQ==",
            "dev": true
        },
        "@types/d3-scale": {
            "version": "2.1.0",
            "resolved": "https://registry.npmjs.org/@types/d3-scale/-/d3-scale-2.1.0.tgz",
            "integrity": "sha512-vLzRDF5lRxZdCLUOvmw90pkiuSsZdgroBQaat0Ov7Z7OnO9iJsPSm/TZw3wW6m2z/NhIn1E4N0RLNfEi1k4kAA==",
            "dev": true,
            "requires": {
                "@types/d3-time": "*"
            }
        },
        "@types/d3-shape": {
            "version": "1.3.0",
            "resolved": "https://registry.npmjs.org/@types/d3-shape/-/d3-shape-1.3.0.tgz",
            "integrity": "sha512-ERWJ8bNZjkzfWfPAlkN3XCqYOOsWTnqTX0jX2Bx+WLd2AfEl97WXr2igwssFc91MadrZLw7HNS/JTUZPQL5sZQ==",
            "dev": true,
            "requires": {
                "@types/d3-path": "*"
            }
        },
        "@types/d3-time": {
            "version": "1.0.9",
            "resolved": "https://registry.npmjs.org/@types/d3-time/-/d3-time-1.0.9.tgz",
            "integrity": "sha512-m+D4NbQdDlTVaO7QgXAnatR3IDxQYDMBtRhgSCi5rs9R1LPq1y7/2aqa1FJ2IWjFm1mOV63swDxonnCDlHgHMA==",
            "dev": true
        },
        "@types/prop-types": {
            "version": "15.5.8",
            "resolved": "https://registry.npmjs.org/@types/prop-types/-/prop-types-15.5.8.tgz",
            "integrity": "sha512-3AQoUxQcQtLHsK25wtTWIoIpgYjH3vSDroZOUr7PpCHw/jLY1RB9z9E8dBT/OSmwStVgkRNvdh+ZHNiomRieaw==",
            "dev": true
        },
        "@types/react": {
            "version": "16.8.1",
            "resolved": "https://registry.npmjs.org/@types/react/-/react-16.8.1.tgz",
            "integrity": "sha512-tD1ETKJcuhANOejRc/p7OgQ16DKnbGi0M3LccelKlPnUCDp2a5koVxZFoRN9HN+A+m84HB5VGN7I+r3nNhS3PA==",
            "dev": true,
            "requires": {
                "@types/prop-types": "*",
                "csstype": "^2.2.0"
            }
        },
        "@types/react-native": {
            "version": "0.57.32",
            "resolved": "https://registry.npmjs.org/@types/react-native/-/react-native-0.57.32.tgz",
            "integrity": "sha512-Fx3el9h+BlS86aB9tTc8dgybd/kb0g0UeRGfuTtFaDrPI95IbIymWPnQ+aALh5FOovQ47xq1TTB7J6Nf86lHRw==",
            "dev": true,
            "requires": {
                "@types/prop-types": "*",
                "@types/react": "*"
            }
        },
        "@types/react-native-svg-charts": {
            "version": "5.0.1",
            "resolved": "https://registry.npmjs.org/@types/react-native-svg-charts/-/react-native-svg-charts-5.0.1.tgz",
            "integrity": "sha512-dyUqPZMsW/hPMDkEGjmdHiQdyaDcUJ+Var6Avy+0BjN2yCFhJSIiUEd/c/fqroIeFVNKkKuEh83epzi9DXqoSA==",
            "dev": true,
            "requires": {
                "@types/d3-scale": "*",
                "@types/d3-shape": "*",
                "@types/react": "*",
                "@types/react-native": "*",
                "react-native-svg": "^6.2.1"
            }
        },
        "color": {
            "version": "2.0.1",
            "resolved": "https://registry.npmjs.org/color/-/color-2.0.1.tgz",
            "integrity": "sha512-ubUCVVKfT7r2w2D3qtHakj8mbmKms+tThR8gI8zEYCbUBl8/voqFGt3kgBqGwXAopgXybnkuOq+qMYCRrp4cXw==",
            "dev": true,
            "requires": {
                "color-convert": "^1.9.1",
                "color-string": "^1.5.2"
            }
        },
        "color-convert": {
            "version": "1.9.3",
            "resolved": "https://registry.npmjs.org/color-convert/-/color-convert-1.9.3.tgz",
            "integrity": "sha512-QfAUtd+vFdAtFQcC8CCyYt1fYWxSqAiK2cSD6zDB8N3cpsEBAvRxp9zOGg6G/SHHJYAT88/az/IuDGALsNVbGg==",
            "dev": true,
            "requires": {
                "color-name": "1.1.3"
            }
        },
        "color-name": {
            "version": "1.1.3",
            "resolved": "https://registry.npmjs.org/color-name/-/color-name-1.1.3.tgz",
            "integrity": "sha1-p9BVi9icQveV3UIyj3QIMcpTvCU=",
            "dev": true
        },
        "color-string": {
            "version": "1.5.3",
            "resolved": "https://registry.npmjs.org/color-string/-/color-string-1.5.3.tgz",
            "integrity": "sha512-dC2C5qeWoYkxki5UAXapdjqO672AM4vZuPGRQfO8b5HKuKGBbKWpITyDYN7TOFKvRW7kOgAn3746clDBMDJyQw==",
            "dev": true,
            "requires": {
                "color-name": "^1.0.0",
                "simple-swizzle": "^0.2.2"
            }
        },
        "csstype": {
            "version": "2.6.2",
            "resolved": "https://registry.npmjs.org/csstype/-/csstype-2.6.2.tgz",
            "integrity": "sha512-Rl7PvTae0pflc1YtxtKbiSqq20Ts6vpIYOD5WBafl4y123DyHUeLrRdQP66sQW8/6gmX8jrYJLXwNeMqYVJcow==",
            "dev": true
        },
        "d3-array": {
            "version": "1.2.4",
            "resolved": "https://registry.npmjs.org/d3-array/-/d3-array-1.2.4.tgz",
            "integrity": "sha512-KHW6M86R+FUPYGb3R5XiYjXPq7VzwxZ22buHhAEVG5ztoEcZZMLov530mmccaqA1GghZArjQV46fuc8kUqhhHw=="
        },
        "d3-collection": {
            "version": "1.0.7",
            "resolved": "https://registry.npmjs.org/d3-collection/-/d3-collection-1.0.7.tgz",
            "integrity": "sha512-ii0/r5f4sjKNTfh84Di+DpztYwqKhEyUlKoPrzUFfeSkWxjW49xU2QzO9qrPrNkpdI0XJkfzvmTu8V2Zylln6A=="
        },
        "d3-color": {
            "version": "1.2.3",
            "resolved": "https://registry.npmjs.org/d3-color/-/d3-color-1.2.3.tgz",
            "integrity": "sha512-x37qq3ChOTLd26hnps36lexMRhNXEtVxZ4B25rL0DVdDsGQIJGB18S7y9XDwlDD6MD/ZBzITCf4JjGMM10TZkw=="
        },
        "d3-format": {
            "version": "1.3.2",
            "resolved": "https://registry.npmjs.org/d3-format/-/d3-format-1.3.2.tgz",
            "integrity": "sha512-Z18Dprj96ExragQ0DeGi+SYPQ7pPfRMtUXtsg/ChVIKNBCzjO8XYJvRTC1usblx52lqge56V5ect+frYTQc8WQ=="
        },
        "d3-interpolate": {
            "version": "1.3.2",
            "resolved": "https://registry.npmjs.org/d3-interpolate/-/d3-interpolate-1.3.2.tgz",
            "integrity": "sha512-NlNKGopqaz9qM1PXh9gBF1KSCVh+jSFErrSlD/4hybwoNX/gt1d8CDbDW+3i+5UOHhjC6s6nMvRxcuoMVNgL2w==",
            "requires": {
                "d3-color": "1"
            }
        },
        "d3-interpolate-path": {
            "version": "2.0.0",
            "resolved": "https://registry.npmjs.org/d3-interpolate-path/-/d3-interpolate-path-2.0.0.tgz",
            "integrity": "sha1-ywMnMU/tsU5uoXiat+CVoWwvirI=",
            "requires": {
                "d3-interpolate": "^1.1.1"
            }
        },
        "d3-path": {
            "version": "1.0.7",
            "resolved": "https://registry.npmjs.org/d3-path/-/d3-path-1.0.7.tgz",
            "integrity": "sha512-q0cW1RpvA5c5ma2rch62mX8AYaiLX0+bdaSM2wxSU9tXjU4DNvkx9qiUvjkuWCj3p22UO/hlPivujqMiR9PDzA=="
        },
        "d3-scale": {
            "version": "1.0.7",
            "resolved": "https://registry.npmjs.org/d3-scale/-/d3-scale-1.0.7.tgz",
            "integrity": "sha512-KvU92czp2/qse5tUfGms6Kjig0AhHOwkzXG0+PqIJB3ke0WUv088AHMZI0OssO9NCkXt4RP8yju9rpH8aGB7Lw==",
            "requires": {
                "d3-array": "^1.2.0",
                "d3-collection": "1",
                "d3-color": "1",
                "d3-format": "1",
                "d3-interpolate": "1",
                "d3-time": "1",
                "d3-time-format": "2"
            }
        },
        "d3-shape": {
            "version": "1.3.4",
            "resolved": "https://registry.npmjs.org/d3-shape/-/d3-shape-1.3.4.tgz",
            "integrity": "sha512-izaz4fOpOnY3CD17hkZWNxbaN70sIGagLR/5jb6RS96Y+6VqX+q1BQf1av6QSBRdfULi3Gb8Js4CzG4+KAPjMg==",
            "requires": {
                "d3-path": "1"
            }
        },
        "d3-time": {
            "version": "1.0.11",
            "resolved": "https://registry.npmjs.org/d3-time/-/d3-time-1.0.11.tgz",
            "integrity": "sha512-Z3wpvhPLW4vEScGeIMUckDW7+3hWKOQfAWg/U7PlWBnQmeKQ00gCUsTtWSYulrKNA7ta8hJ+xXc6MHrMuITwEw=="
        },
        "d3-time-format": {
            "version": "2.1.3",
            "resolved": "https://registry.npmjs.org/d3-time-format/-/d3-time-format-2.1.3.tgz",
            "integrity": "sha512-6k0a2rZryzGm5Ihx+aFMuO1GgelgIz+7HhB4PH4OEndD5q2zGn1mDfRdNrulspOfR6JXkb2sThhDK41CSK85QA==",
            "requires": {
                "d3-time": "1"
            }
        },
        "is-arrayish": {
            "version": "0.3.2",
            "resolved": "https://registry.npmjs.org/is-arrayish/-/is-arrayish-0.3.2.tgz",
            "integrity": "sha512-eVRqCvVlZbuw3GrM63ovNSNAeA1K16kaR/LRY/92w0zxQ5/1YzwblUX652i4Xs9RwAGjW9d9y6X88t8OaAJfWQ==",
            "dev": true
        },
        "js-tokens": {
            "version": "4.0.0",
            "resolved": "https://registry.npmjs.org/js-tokens/-/js-tokens-4.0.0.tgz",
            "integrity": "sha512-RdJUflcE3cUzKiMqQgsCu06FPu9UdIJO0beYbPhHN4k6apgJtifcoCtT9bcxOpYBtpD2kCM6Sbzg4CausW/PKQ=="
        },
        "lodash": {
            "version": "4.17.11",
            "resolved": "https://registry.npmjs.org/lodash/-/lodash-4.17.11.tgz",
            "integrity": "sha512-cQKh8igo5QUhZ7lg38DYWAxMvjSAKG0A8wGSVimP07SIUEK2UO+arSRKbRZWtelMtN5V0Hkwh5ryOto/SshYIg==",
            "dev": true
        },
        "loose-envify": {
            "version": "1.4.0",
            "resolved": "https://registry.npmjs.org/loose-envify/-/loose-envify-1.4.0.tgz",
            "integrity": "sha512-lyuxPGr/Wfhrlem2CL/UcnUc1zcqKAImBDzukY7Y5F/yQiNdko6+fRLevlw1HgMySw7f611UIY408EtxRSoK3Q==",
            "requires": {
                "js-tokens": "^3.0.0 || ^4.0.0"
            }
        },
        "object-assign": {
            "version": "4.1.1",
            "resolved": "https://registry.npmjs.org/object-assign/-/object-assign-4.1.1.tgz",
            "integrity": "sha1-IQmtx5ZYh8/AXLvUQsrIv7s2CGM="
        },
        "pegjs": {
            "version": "0.10.0",
            "resolved": "https://registry.npmjs.org/pegjs/-/pegjs-0.10.0.tgz",
            "integrity": "sha1-z4uvrm7d/0tafvsYUmnqr0YQ3b0=",
            "dev": true
        },
        "prop-types": {
            "version": "15.6.2",
            "resolved": "https://registry.npmjs.org/prop-types/-/prop-types-15.6.2.tgz",
            "integrity": "sha512-3pboPvLiWD7dkI3qf3KbUe6hKFKa52w+AE0VCqECtf+QHAKgOL37tTaNCnuX1nAAQ4ZhyP+kYVKf8rLmJ/feDQ==",
            "requires": {
                "loose-envify": "^1.3.1",
                "object-assign": "^4.1.1"
            }
        },
        "react-native-svg": {
            "version": "6.5.2",
            "resolved": "https://registry.npmjs.org/react-native-svg/-/react-native-svg-6.5.2.tgz",
            "integrity": "sha512-r9SXx/AOzlo/jkahAo9WjNTRJ+A2lDHE3yS3WtgZ4Gzqqyxb3L6LpuAG02x1TaKEowdTEG3r6u7vhnCZON8N/A==",
            "dev": true,
            "requires": {
                "color": "^2.0.1",
                "lodash": "^4.16.6",
                "pegjs": "^0.10.0"
            }
        },
        "react-native-svg-charts": {
            "version": "5.2.0",
            "resolved": "https://registry.npmjs.org/react-native-svg-charts/-/react-native-svg-charts-5.2.0.tgz",
            "integrity": "sha512-2cV9/QDqXdq9ve1NbTAKVO9BQrYqC69R5Tlo+LgGAIdl6BEVQbushO20vJkN4+d680KKUemyode0yJ7gNwdZNQ==",
            "requires": {
                "d3-array": "^1.2.0",
                "d3-interpolate-path": "2.0.0",
                "d3-scale": "^1.0.6",
                "d3-shape": "^1.0.6",
                "prop-types": "^15.6.0"
            }
        },
        "simple-swizzle": {
            "version": "0.2.2",
            "resolved": "https://registry.npmjs.org/simple-swizzle/-/simple-swizzle-0.2.2.tgz",
            "integrity": "sha1-pNprY1/8zMoz9w0Xy5JZLeleVXo=",
            "dev": true,
            "requires": {
                "is-arrayish": "^0.3.1"
            }
        }
    }
}
